{
  "name": "shans-ai-software-factory",
  "version": "1.0.0",
  "lockfileVersion": 3,
  "requires": true,
  "packages": {
    "": {
      "name": "shans-ai-software-factory",
      "version": "1.0.0",
      "devDependencies": {
        "actionlint": "2.0.6"
      },
      "engines": {
        "node": ">=22"
      }
    },
    "node_modules/actionlint": {
      "version": "2.0.6",
      "resolved": "https://registry.npmjs.org/actionlint/-/actionlint-2.0.6.tgz",
      "integrity": "sha512-tNx8f48yJNSLXTIygGntu5dSZlIZblDt8sR7pIs7EEmmb2PkEF87d+3UKZV2GUgCuN9Awj7k4ZPrwdAxFWEqgw==",
      "dev": true,
      "license": "MIT"
    }
  }
}
