{
  "name": "shans-ai-software-factory",
  "version": "1.0.0",
  "lockfileVersion": 3,
  "requires": true,
  "packages": {
    "": {
      "name": "shans-ai-software-factory",
      "version": "1.0.0",
      "devDependencies": {
        "actionlint": "2.0.6",
        "opencode-ai": "1.18.2"
      },
      "engines": {
        "node": ">=22"
      }
    },
    "node_modules/actionlint": {
      "version": "2.0.6",
      "resolved": "https://registry.npmjs.org/actionlint/-/actionlint-2.0.6.tgz",
      "integrity": "sha512-tNx8f48yJNSLXTIygGntu5dSZlIZblDt8sR7pIs7EEmmb2PkEF87d+3UKZV2GUgCuN9Awj7k4ZPrwdAxFWEqgw==",
      "dev": true,
      "license": "MIT"
    },
    "node_modules/opencode-ai": {
      "version": "1.18.2",
      "resolved": "https://registry.npmjs.org/opencode-ai/-/opencode-ai-1.18.2.tgz",
      "integrity": "sha512-Lq3VnuYPGghsB++KXcId+KYVZDQTrh51Y4lg200GkvP1u3KGfyV/CckkmVa7DYM2X6HU+H+hOPVIclIM9yTQzA==",
      "cpu": [
        "arm64",
        "x64"
      ],
      "dev": true,
      "hasInstallScript": true,
      "license": "MIT",
      "os": [
        "darwin",
        "linux",
        "win32"
      ],
      "bin": {
        "opencode": "bin/opencode.exe"
      },
      "optionalDependencies": {
        "opencode-darwin-arm64": "1.18.2",
        "opencode-darwin-x64": "1.18.2",
        "opencode-darwin-x64-baseline": "1.18.2",
        "opencode-linux-arm64": "1.18.2",
        "opencode-linux-arm64-musl": "1.18.2",
        "opencode-linux-x64": "1.18.2",
        "opencode-linux-x64-baseline": "1.18.2",
        "opencode-linux-x64-baseline-musl": "1.18.2",
        "opencode-linux-x64-musl": "1.18.2",
        "opencode-windows-arm64": "1.18.2",
        "opencode-windows-x64": "1.18.2",
        "opencode-windows-x64-baseline": "1.18.2"
      }
    },
    "node_modules/opencode-darwin-arm64": {
      "version": "1.18.2",
      "resolved": "https://registry.npmjs.org/opencode-darwin-arm64/-/opencode-darwin-arm64-1.18.2.tgz",
      "integrity": "sha512-XlGMTz0g849QQpAEXylBZoyavsuCHrVz1lth+fYGCc7p0FeUbxS16S2mEzHtIsODpGS0vtH0PMYZHfscrHlKlg==",
      "cpu": [
        "arm64"
      ],
      "dev": true,
      "optional": true,
      "os": [
        "darwin"
      ]
    },
    "node_modules/opencode-darwin-x64": {
      "version": "1.18.2",
      "resolved": "https://registry.npmjs.org/opencode-darwin-x64/-/opencode-darwin-x64-1.18.2.tgz",
      "integrity": "sha512-tM3LlngCjHMII/c+iMdUlk6/7w/9XAsPt5snkoMH077HsCkqGKoBmAQck2WQUw0mP7FMfFVPKK9BUppMhnwgUw==",
      "cpu": [
        "x64"
      ],
      "dev": true,
      "optional": true,
      "os": [
        "darwin"
      ]
    },
    "node_modules/opencode-darwin-x64-baseline": {
      "version": "1.18.2",
      "resolved": "https://registry.npmjs.org/opencode-darwin-x64-baseline/-/opencode-darwin-x64-baseline-1.18.2.tgz",
      "integrity": "sha512-/MrOjPKB4Q6taqzs15b6wmJPBq6GFqBntri/v9B0uF9LVhPxxRXAf6EnKlOjsyZaT7+u0FmXwgio77qxwCG8+Q==",
      "cpu": [
        "x64"
      ],
      "dev": true,
      "optional": true,
      "os": [
        "darwin"
      ]
    },
    "node_modules/opencode-linux-arm64": {
      "version": "1.18.2",
      "resolved": "https://registry.npmjs.org/opencode-linux-arm64/-/opencode-linux-arm64-1.18.2.tgz",
      "integrity": "sha512-CMv4iZItdHQGugw5jOP/5eDaOgPrevKKoFazADS6hrrKAKQv67KloW61Fv9E/ev1V2HUUYaZVacpdpBrRkv2KA==",
      "cpu": [
        "arm64"
      ],
      "dev": true,
      "optional": true,
      "os": [
        "linux"
      ]
    },
    "node_modules/opencode-linux-arm64-musl": {
      "version": "1.18.2",
      "resolved": "https://registry.npmjs.org/opencode-linux-arm64-musl/-/opencode-linux-arm64-musl-1.18.2.tgz",
      "integrity": "sha512-lhem1vF8qG/SzEHkTMctTuCVOVR+n1iqysFB65iVzK7YyLkT2IVvDlh4RrFPyUFoxRpX8tlVlHqj70GUJ0BkSA==",
      "cpu": [
        "arm64"
      ],
      "dev": true,
      "optional": true,
      "os": [
        "linux"
      ]
    },
    "node_modules/opencode-linux-x64": {
      "version": "1.18.2",
      "resolved": "https://registry.npmjs.org/opencode-linux-x64/-/opencode-linux-x64-1.18.2.tgz",
      "integrity": "sha512-KzUZjJ/vD/+FY4AQtKmig516SuqM0Lb6PKH5/yzfwOTS2lt7T3eR4q7xyaQfM21k82uVn6zSF0dH9N9BjabXsw==",
      "cpu": [
        "x64"
      ],
      "dev": true,
      "optional": true,
      "os": [
        "linux"
      ]
    },
    "node_modules/opencode-linux-x64-baseline": {
      "version": "1.18.2",
      "resolved": "https://registry.npmjs.org/opencode-linux-x64-baseline/-/opencode-linux-x64-baseline-1.18.2.tgz",
      "integrity": "sha512-pFUVmOr48M71rqRm2TIp2bLYygy7EB/TQwwCVLKSOwicltqXA861ZO2Q6FHsdbhR7EiExyaspFwxDwmeAHKQgQ==",
      "cpu": [
        "x64"
      ],
      "dev": true,
      "optional": true,
      "os": [
        "linux"
      ]
    },
    "node_modules/opencode-linux-x64-baseline-musl": {
      "version": "1.18.2",
      "resolved": "https://registry.npmjs.org/opencode-linux-x64-baseline-musl/-/opencode-linux-x64-baseline-musl-1.18.2.tgz",
      "integrity": "sha512-RYxsuhN+x8A8GzKRLNooL6NDnPnRqVODL2Cm8hEiN6nFkPB9+2ym13PbpjgCMSGAj18+HE6EjuS3fY6xv/V5Bg==",
      "cpu": [
        "x64"
      ],
      "dev": true,
      "optional": true,
      "os": [
        "linux"
      ]
    },
    "node_modules/opencode-linux-x64-musl": {
      "version": "1.18.2",
      "resolved": "https://registry.npmjs.org/opencode-linux-x64-musl/-/opencode-linux-x64-musl-1.18.2.tgz",
      "integrity": "sha512-D28+AZyN46uMYxYYAOi24MPP9o7XYvcQ2mRLBb/tlHAxiY0dj92U1+QXEd/ZICgSeuA/Cml/7Jvh0cdyTSPzqA==",
      "cpu": [
        "x64"
      ],
      "dev": true,
      "optional": true,
      "os": [
        "linux"
      ]
    },
    "node_modules/opencode-windows-arm64": {
      "version": "1.18.2",
      "resolved": "https://registry.npmjs.org/opencode-windows-arm64/-/opencode-windows-arm64-1.18.2.tgz",
      "integrity": "sha512-73DaaxCwo0hmt1Yza2lGRsCCBQiSyG3BOvd/VeHuK248UEBaNYFvLLsKYe63vyWKlW+Z+p021dp1jaOq/06ZYg==",
      "cpu": [
        "arm64"
      ],
      "dev": true,
      "optional": true,
      "os": [
        "win32"
      ]
    },
    "node_modules/opencode-windows-x64": {
      "version": "1.18.2",
      "resolved": "https://registry.npmjs.org/opencode-windows-x64/-/opencode-windows-x64-1.18.2.tgz",
      "integrity": "sha512-p2+vsfGmTa+nXOQDBZSPXNK6sE20Uf1m0bCH/sQaHhgiyUPE+NHOSNpRd5Gz/fqyjlF42/YGhT1q+vpvw0UASw==",
      "cpu": [
        "x64"
      ],
      "dev": true,
      "optional": true,
      "os": [
        "win32"
      ]
    },
    "node_modules/opencode-windows-x64-baseline": {
      "version": "1.18.2",
      "resolved": "https://registry.npmjs.org/opencode-windows-x64-baseline/-/opencode-windows-x64-baseline-1.18.2.tgz",
      "integrity": "sha512-BY3M0/pubOdB0XP1auWYxWY+zvUyVl6jCihfYV7V9M2lMMOUT3kIn8jsFQSiuGm6T90ZLUN4Er23vdrleQtHqA==",
      "cpu": [
        "x64"
      ],
      "dev": true,
      "optional": true,
      "os": [
        "win32"
      ]
    }
  }
}
